
Microsoft Visual Studio Solution File, Format Version 12.00
# Visual Studio Version 16
VisualStudioVersion = 16.0.30011.22
MinimumVisualStudioVersion = 10.0.40219.1
Project("{9A19103F-16F7-4668-BE54-9A1E7A4F7556}") = "pingpongS", "pingpongS\pingpongS.csproj", "{FBF0C205-F250-4988-89CA-904728F32396}"
EndProject
Project("{2150E333-8FDC-42A3-9474-1A3956D46DE8}") = "Solution Items", "Solution Items", "{BEE655CA-60BA-40D5-974B-585C7522E342}"
	ProjectSection(SolutionItems) = preProject
		README.md = README.md
	EndProjectSection
EndProject
Global
	GlobalSection(SolutionConfigurationPlatforms) = preSolution
		Debug|Any CPU = Debug|Any CPU
		Release|Any CPU = Release|Any CPU
	EndGlobalSection
	GlobalSection(ProjectConfigurationPlatforms) = postSolution
		{FBF0C205-F250-4988-89CA-904728F32396}.Debug|Any CPU.ActiveCfg = Debug|Any CPU
		{FBF0C205-F250-4988-89CA-904728F32396}.Debug|Any CPU.Build.0 = Debug|Any CPU
		{FBF0C205-F250-4988-89CA-904728F32396}.Release|Any CPU.ActiveCfg = Release|Any CPU
		{FBF0C205-F250-4988-89CA-904728F32396}.Release|Any CPU.Build.0 = Release|Any CPU
	EndGlobalSection
	GlobalSection(SolutionProperties) = preSolution
		HideSolutionNode = FALSE
	EndGlobalSection
	GlobalSection(ExtensibilityGlobals) = postSolution
		SolutionGuid = {685AB4D0-7602-4893-AEA6-59B1984144AA}
	EndGlobalSection
EndGlobal
